
Microsoft Visual Studio Solution File, Format Version 12.00
Project("{FAE04EC0-301F-11D3-BF4B-00C04F79EFBC}") = "Enzyme", "Enzyme\Enzyme.csproj", "{F613EED2-7901-48F7-9EE7-E56E30D2EC9B}"
EndProject
Global
	GlobalSection(SolutionConfigurationPlatforms) = preSolution
		Debug|Any CPU = Debug|Any CPU
		Release|Any CPU = Release|Any CPU
	EndGlobalSection
	GlobalSection(ProjectConfigurationPlatforms) = postSolution
		{F613EED2-7901-48F7-9EE7-E56E30D2EC9B}.Debug|Any CPU.ActiveCfg = Debug|Any CPU
		{F613EED2-7901-48F7-9EE7-E56E30D2EC9B}.Debug|Any CPU.Build.0 = Debug|Any CPU
		{F613EED2-7901-48F7-9EE7-E56E30D2EC9B}.Release|Any CPU.ActiveCfg = Release|Any CPU
		{F613EED2-7901-48F7-9EE7-E56E30D2EC9B}.Release|Any CPU.Build.0 = Release|Any CPU
	EndGlobalSection
EndGlobal
